
Microsoft Visual Studio Solution File, Format Version 12.00
# Visual Studio 15
VisualStudioVersion = 15.0.28307.329
MinimumVisualStudioVersion = 10.0.40219.1
Project("{FAE04EC0-301F-11D3-BF4B-00C04F79EFBC}") = "WindowsFormsApp30", "WindowsFormsApp30\WindowsFormsApp30.csproj", "{3A5FCCAD-E825-44AA-9A88-14D11CCF940C}"
EndProject
Global
	GlobalSection(SolutionConfigurationPlatforms) = preSolution
		Debug|Any CPU = Debug|Any CPU
		Release|Any CPU = Release|Any CPU
	EndGlobalSection
	GlobalSection(ProjectConfigurationPlatforms) = postSolution
		{3A5FCCAD-E825-44AA-9A88-14D11CCF940C}.Debug|Any CPU.ActiveCfg = Debug|Any CPU
		{3A5FCCAD-E825-44AA-9A88-14D11CCF940C}.Debug|Any CPU.Build.0 = Debug|Any CPU
		{3A5FCCAD-E825-44AA-9A88-14D11CCF940C}.Release|Any CPU.ActiveCfg = Release|Any CPU
		{3A5FCCAD-E825-44AA-9A88-14D11CCF940C}.Release|Any CPU.Build.0 = Release|Any CPU
	EndGlobalSection
	GlobalSection(SolutionProperties) = preSolution
		HideSolutionNode = FALSE
	EndGlobalSection
	GlobalSection(ExtensibilityGlobals) = postSolution
		SolutionGuid = {E5B7BD03-BA5D-430A-8D31-7653E9A74F2F}
	EndGlobalSection
EndGlobal
